
Microsoft Visual Studio Solution File, Format Version 12.00
# Visual Studio Version 17
VisualStudioVersion = 17.0.32126.317
MinimumVisualStudioVersion = 10.0.40219.1
Project("{9A19103F-16F7-4668-BE54-9A1E7A4F7556}") = "Crypto.Server", "Crypto.Server\Crypto.Server.csproj", "{7437816A-A5C4-4166-955B-9BB4EF1B8178}"
EndProject
Project("{9A19103F-16F7-4668-BE54-9A1E7A4F7556}") = "Crypto.Client", "Crypto.Client\Crypto.Client.csproj", "{F9EEABDC-5A5A-47CE-841E-BD06D9735F76}"
EndProject
Project("{E53339B2-1760-4266-BCC7-CA923CBCF16C}") = "docker-compose", "docker-compose.dcproj", "{6C4B4D9C-C83E-4CDB-A227-BE1EF52D3810}"
EndProject
Global
	GlobalSection(SolutionConfigurationPlatforms) = preSolution
		Debug|Any CPU = Debug|Any CPU
		Release|Any CPU = Release|Any CPU
	EndGlobalSection
	GlobalSection(ProjectConfigurationPlatforms) = postSolution
		{7437816A-A5C4-4166-955B-9BB4EF1B8178}.Debug|Any CPU.ActiveCfg = Debug|Any CPU
		{7437816A-A5C4-4166-955B-9BB4EF1B8178}.Debug|Any CPU.Build.0 = Debug|Any CPU
		{7437816A-A5C4-4166-955B-9BB4EF1B8178}.Release|Any CPU.ActiveCfg = Release|Any CPU
		{7437816A-A5C4-4166-955B-9BB4EF1B8178}.Release|Any CPU.Build.0 = Release|Any CPU
		{F9EEABDC-5A5A-47CE-841E-BD06D9735F76}.Debug|Any CPU.ActiveCfg = Debug|Any CPU
		{F9EEABDC-5A5A-47CE-841E-BD06D9735F76}.Debug|Any CPU.Build.0 = Debug|Any CPU
		{F9EEABDC-5A5A-47CE-841E-BD06D9735F76}.Release|Any CPU.ActiveCfg = Release|Any CPU
		{F9EEABDC-5A5A-47CE-841E-BD06D9735F76}.Release|Any CPU.Build.0 = Release|Any CPU
		{6C4B4D9C-C83E-4CDB-A227-BE1EF52D3810}.Debug|Any CPU.ActiveCfg = Debug|Any CPU
		{6C4B4D9C-C83E-4CDB-A227-BE1EF52D3810}.Debug|Any CPU.Build.0 = Debug|Any CPU
		{6C4B4D9C-C83E-4CDB-A227-BE1EF52D3810}.Release|Any CPU.ActiveCfg = Release|Any CPU
		{6C4B4D9C-C83E-4CDB-A227-BE1EF52D3810}.Release|Any CPU.Build.0 = Release|Any CPU
	EndGlobalSection
	GlobalSection(SolutionProperties) = preSolution
		HideSolutionNode = FALSE
	EndGlobalSection
	GlobalSection(ExtensibilityGlobals) = postSolution
		SolutionGuid = {EDDD9496-B585-4E32-982F-51FC5C80817E}
	EndGlobalSection
EndGlobal
