
Microsoft Visual Studio Solution File, Format Version 12.00
Project("{FAE04EC0-301F-11D3-BF4B-00C04F79EFBC}") = "ApiGateway", "ApiGateway.csproj", "{78CB4BCB-09B4-4D20-B47B-6DA64FBE1388}"
EndProject
Global
	GlobalSection(SolutionConfigurationPlatforms) = preSolution
		Debug|Any CPU = Debug|Any CPU
		Release|Any CPU = Release|Any CPU
	EndGlobalSection
	GlobalSection(ProjectConfigurationPlatforms) = postSolution
		{78CB4BCB-09B4-4D20-B47B-6DA64FBE1388}.Debug|Any CPU.ActiveCfg = Debug|Any CPU
		{78CB4BCB-09B4-4D20-B47B-6DA64FBE1388}.Debug|Any CPU.Build.0 = Debug|Any CPU
		{78CB4BCB-09B4-4D20-B47B-6DA64FBE1388}.Release|Any CPU.ActiveCfg = Release|Any CPU
		{78CB4BCB-09B4-4D20-B47B-6DA64FBE1388}.Release|Any CPU.Build.0 = Release|Any CPU
	EndGlobalSection
EndGlobal
