
Microsoft Visual Studio Solution File, Format Version 12.00
Project("{FAE04EC0-301F-11D3-BF4B-00C04F79EFBC}") = "AppealService", "AppealService.csproj", "{015F8FC9-4581-47B2-9639-82DA099BF052}"
EndProject
Global
	GlobalSection(SolutionConfigurationPlatforms) = preSolution
		Debug|Any CPU = Debug|Any CPU
		Release|Any CPU = Release|Any CPU
	EndGlobalSection
	GlobalSection(ProjectConfigurationPlatforms) = postSolution
		{015F8FC9-4581-47B2-9639-82DA099BF052}.Debug|Any CPU.ActiveCfg = Debug|Any CPU
		{015F8FC9-4581-47B2-9639-82DA099BF052}.Debug|Any CPU.Build.0 = Debug|Any CPU
		{015F8FC9-4581-47B2-9639-82DA099BF052}.Release|Any CPU.ActiveCfg = Release|Any CPU
		{015F8FC9-4581-47B2-9639-82DA099BF052}.Release|Any CPU.Build.0 = Release|Any CPU
	EndGlobalSection
EndGlobal
