
Microsoft Visual Studio Solution File, Format Version 12.00
# Visual Studio Version 17
VisualStudioVersion = 17.0.32126.317
MinimumVisualStudioVersion = 10.0.40219.1
Project("{FAE04EC0-301F-11D3-BF4B-00C04F79EFBC}") = "Crypto.Domain", "Crypto.Domain\Crypto.Domain.csproj", "{455BAAB5-7979-4741-9F0D-A294C8E27430}"
EndProject
Project("{FAE04EC0-301F-11D3-BF4B-00C04F79EFBC}") = "Crypto.Data", "Crypto.Data\Crypto.Data.csproj", "{0F2D494F-44E5-4DB1-85F2-85759D0111FD}"
EndProject
Project("{FAE04EC0-301F-11D3-BF4B-00C04F79EFBC}") = "Crypto.Application", "Crypto.Application\Crypto.Application.csproj", "{F1E46A77-459B-4580-90E6-18E605B8469E}"
	ProjectSection(ProjectDependencies) = postProject
		{0F2D494F-44E5-4DB1-85F2-85759D0111FD} = {0F2D494F-44E5-4DB1-85F2-85759D0111FD}
	EndProjectSection
EndProject
Project("{FAE04EC0-301F-11D3-BF4B-00C04F79EFBC}") = "Crypto.Server", "Crypto.Server\Crypto.Server.csproj", "{A973F4C2-6551-4085-9950-AC39F060250B}"
EndProject
Project("{FAE04EC0-301F-11D3-BF4B-00C04F79EFBC}") = "Wallets.Server", "Wallets.Server\Wallets.Server.csproj", "{ABEE1E9A-F8E0-4F25-98F8-BB900D6E8A44}"
EndProject
Global
	GlobalSection(SolutionConfigurationPlatforms) = preSolution
		Debug|Any CPU = Debug|Any CPU
		Release|Any CPU = Release|Any CPU
	EndGlobalSection
	GlobalSection(ProjectConfigurationPlatforms) = postSolution
		{455BAAB5-7979-4741-9F0D-A294C8E27430}.Debug|Any CPU.ActiveCfg = Debug|Any CPU
		{455BAAB5-7979-4741-9F0D-A294C8E27430}.Debug|Any CPU.Build.0 = Debug|Any CPU
		{455BAAB5-7979-4741-9F0D-A294C8E27430}.Release|Any CPU.ActiveCfg = Release|Any CPU
		{455BAAB5-7979-4741-9F0D-A294C8E27430}.Release|Any CPU.Build.0 = Release|Any CPU
		{0F2D494F-44E5-4DB1-85F2-85759D0111FD}.Debug|Any CPU.ActiveCfg = Debug|Any CPU
		{0F2D494F-44E5-4DB1-85F2-85759D0111FD}.Debug|Any CPU.Build.0 = Debug|Any CPU
		{0F2D494F-44E5-4DB1-85F2-85759D0111FD}.Release|Any CPU.ActiveCfg = Release|Any CPU
		{0F2D494F-44E5-4DB1-85F2-85759D0111FD}.Release|Any CPU.Build.0 = Release|Any CPU
		{F1E46A77-459B-4580-90E6-18E605B8469E}.Debug|Any CPU.ActiveCfg = Debug|Any CPU
		{F1E46A77-459B-4580-90E6-18E605B8469E}.Debug|Any CPU.Build.0 = Debug|Any CPU
		{F1E46A77-459B-4580-90E6-18E605B8469E}.Release|Any CPU.ActiveCfg = Release|Any CPU
		{F1E46A77-459B-4580-90E6-18E605B8469E}.Release|Any CPU.Build.0 = Release|Any CPU
		{A973F4C2-6551-4085-9950-AC39F060250B}.Debug|Any CPU.ActiveCfg = Debug|Any CPU
		{A973F4C2-6551-4085-9950-AC39F060250B}.Debug|Any CPU.Build.0 = Debug|Any CPU
		{A973F4C2-6551-4085-9950-AC39F060250B}.Release|Any CPU.ActiveCfg = Release|Any CPU
		{A973F4C2-6551-4085-9950-AC39F060250B}.Release|Any CPU.Build.0 = Release|Any CPU
		{ABEE1E9A-F8E0-4F25-98F8-BB900D6E8A44}.Debug|Any CPU.ActiveCfg = Debug|Any CPU
		{ABEE1E9A-F8E0-4F25-98F8-BB900D6E8A44}.Debug|Any CPU.Build.0 = Debug|Any CPU
		{ABEE1E9A-F8E0-4F25-98F8-BB900D6E8A44}.Release|Any CPU.ActiveCfg = Release|Any CPU
		{ABEE1E9A-F8E0-4F25-98F8-BB900D6E8A44}.Release|Any CPU.Build.0 = Release|Any CPU
	EndGlobalSection
	GlobalSection(SolutionProperties) = preSolution
		HideSolutionNode = FALSE
	EndGlobalSection
	GlobalSection(ExtensibilityGlobals) = postSolution
		SolutionGuid = {EDDD9496-B585-4E32-982F-51FC5C80817E}
	EndGlobalSection
EndGlobal
